Microsoft Visual Studio Solution File, Format Version 12.00
# Visual Studio Version 17
VisualStudioVersion = 17.5.2.0
MinimumVisualStudioVersion = 10.0.40219.1
Project("{FAE04EC0-301F-11D3-BF4B-00C04F79EFBC}") = "todo-app-backend", "todo-app-backend.csproj", "{933178A5-D0E3-FAA5-8E49-106807FD5BD6}"
EndProject
Global
	GlobalSection(SolutionConfigurationPlatforms) = preSolution
		Debug|Any CPU = Debug|Any CPU
		Release|Any CPU = Release|Any CPU
	EndGlobalSection
	GlobalSection(ProjectConfigurationPlatforms) = postSolution
		{933178A5-D0E3-FAA5-8E49-106807FD5BD6}.Debug|Any CPU.ActiveCfg = Debug|Any CPU
		{933178A5-D0E3-FAA5-8E49-106807FD5BD6}.Debug|Any CPU.Build.0 = Debug|Any CPU
		{933178A5-D0E3-FAA5-8E49-106807FD5BD6}.Release|Any CPU.ActiveCfg = Release|Any CPU
		{933178A5-D0E3-FAA5-8E49-106807FD5BD6}.Release|Any CPU.Build.0 = Release|Any CPU
	EndGlobalSection
	GlobalSection(SolutionProperties) = preSolution
		HideSolutionNode = FALSE
	EndGlobalSection
	GlobalSection(ExtensibilityGlobals) = postSolution
		SolutionGuid = {1B1F30A5-BEFE-4F64-99ED-899B6C43880C}
	EndGlobalSection
EndGlobal
